// !$*UTF8*$!
{
	archiveVersion = 1;
	classes = {
	};
	objectVersion = 50;
	objects = {

/* Begin PBXBuildFile section */
		8476674022A9A4BF00993943 /* AppDelegate.swift in Sources */ = {isa = PBXBuildFile; fileRef = 8476673F22A9A4BF00993943 /* AppDelegate.swift */; };
		8476674222A9A4BF00993943 /* SceneDelegate.swift in Sources */ = {isa = PBXBuildFile; fileRef = 8476674122A9A4BF00993943 /* SceneDelegate.swift */; };
		8476674422A9A4BF00993943 /* ContentView.swift in Sources */ = {isa = PBXBuildFile; fileRef = 8476674322A9A4BF00993943 /* ContentView.swift */; };
		8476674622A9A4C100993943 /* Assets.xcassets in Resources */ = {isa = PBXBuildFile; fileRef = 8476674522A9A4C100993943 /* Assets.xcassets */; };
		8476674922A9A4C100993943 /* Preview Assets.xcassets in Resources */ = {isa = PBXBuildFile; fileRef = 8476674822A9A4C100993943 /* Preview Assets.xcassets */; };
		8476674C22A9A4C100993943 /* LaunchScreen.storyboard in Resources */ = {isa = PBXBuildFile; fileRef = 8476674A22A9A4C100993943 /* LaunchScreen.storyboard */; };
		8476675422A9A59F00993943 /* PSPDFKit in Resources */ = {isa = PBXBuildFile; fileRef = 8476675322A9A59F00993943 /* PSPDFKit */; };
		8476675E22A9A5E600993943 /* PSPDFKitView.swift in Sources */ = {isa = PBXBuildFile; fileRef = 8476675D22A9A5E600993943 /* PSPDFKitView.swift */; };
		996C6618236662D0005C2894 /* PSPDFKit for Web.pdf in Resources */ = {isa = PBXBuildFile; fileRef = 996C6617236662D0005C2894 /* PSPDFKit for Web.pdf */; };
		99C853A6237C720E00178AB8 /* PSPDFKit 9 QuickStart Guide.pdf in Resources */ = {isa = PBXBuildFile; fileRef = 99C853A5237C720E00178AB8 /* PSPDFKit 9 QuickStart Guide.pdf */; };
/* End PBXBuildFile section */

/* Begin PBXCopyFilesBuildPhase section */
		8476675C22A9A5AA00993943 /* Embed Frameworks */ = {
			isa = PBXCopyFilesBuildPhase;
			buildActionMask = 2147483647;
			dstPath = "";
			dstSubfolderSpec = 10;
			files = (
			);
			name = "Embed Frameworks";
			runOnlyForDeploymentPostprocessing = 0;
		};
/* End PBXCopyFilesBuildPhase section */

/* Begin PBXFileReference section */
		8476673C22A9A4BF00993943 /* PSPDFKitSwiftUIReactDevs.app */ = {isa = PBXFileReference; explicitFileType = wrapper.application; includeInIndex = 0; path = PSPDFKitSwiftUIReactDevs.app; sourceTree = BUILT_PRODUCTS_DIR; };
		8476673F22A9A4BF00993943 /* AppDelegate.swift */ = {isa = PBXFileReference; lastKnownFileType = sourcecode.swift; path = AppDelegate.swift; sourceTree = "<group>"; };
		8476674122A9A4BF00993943 /* SceneDelegate.swift */ = {isa = PBXFileReference; lastKnownFileType = sourcecode.swift; path = SceneDelegate.swift; sourceTree = "<group>"; };
		8476674322A9A4BF00993943 /* ContentView.swift */ = {isa = PBXFileReference; lastKnownFileType = sourcecode.swift; path = ContentView.swift; sourceTree = "<group>"; };
		8476674522A9A4C100993943 /* Assets.xcassets */ = {isa = PBXFileReference; lastKnownFileType = folder.assetcatalog; path = Assets.xcassets; sourceTree = "<group>"; };
		8476674822A9A4C100993943 /* Preview Assets.xcassets */ = {isa = PBXFileReference; lastKnownFileType = folder.assetcatalog; path = "Preview Assets.xcassets"; sourceTree = "<group>"; };
		8476674B22A9A4C100993943 /* Base */ = {isa = PBXFileReference; lastKnownFileType = file.storyboard; name = Base; path = Base.lproj/LaunchScreen.storyboard; sourceTree = "<group>"; };
		8476674D22A9A4C100993943 /* Info.plist */ = {isa = PBXFileReference; lastKnownFileType = text.plist.xml; path = Info.plist; sourceTree = "<group>"; };
		8476675322A9A59F00993943 /* PSPDFKit */ = {isa = PBXFileReference; lastKnownFileType = folder; path = PSPDFKit; sourceTree = "<group>"; };
		8476675622A9A5AA00993943 /* PSPDFKit.framework */ = {isa = PBXFileReference; lastKnownFileType = wrapper.framework; name = PSPDFKit.framework; path = PSPDFKitSwiftUI/PSPDFKit/PSPDFKit.framework; sourceTree = "<group>"; };
		8476675722A9A5AA00993943 /* PSPDFKitUI.framework */ = {isa = PBXFileReference; lastKnownFileType = wrapper.framework; name = PSPDFKitUI.framework; path = PSPDFKitSwiftUI/PSPDFKit/PSPDFKitUI.framework; sourceTree = "<group>"; };
		8476675D22A9A5E600993943 /* PSPDFKitView.swift */ = {isa = PBXFileReference; fileEncoding = 4; lastKnownFileType = sourcecode.swift; path = PSPDFKitView.swift; sourceTree = "<group>"; };
		996C6617236662D0005C2894 /* PSPDFKit for Web.pdf */ = {isa = PBXFileReference; lastKnownFileType = image.pdf; path = "PSPDFKit for Web.pdf"; sourceTree = "<group>"; };
		99C853A5237C720E00178AB8 /* PSPDFKit 9 QuickStart Guide.pdf */ = {isa = PBXFileReference; lastKnownFileType = image.pdf; path = "PSPDFKit 9 QuickStart Guide.pdf"; sourceTree = "<group>"; };
/* End PBXFileReference section */

/* Begin PBXFrameworksBuildPhase section */
		8476673922A9A4BF00993943 /* Frameworks */ = {
			isa = PBXFrameworksBuildPhase;
			buildActionMask = 2147483647;
			files = (
			);
			runOnlyForDeploymentPostprocessing = 0;
		};
/* End PBXFrameworksBuildPhase section */

/* Begin PBXGroup section */
		8476673322A9A4BF00993943 = {
			isa = PBXGroup;
			children = (
				8476673E22A9A4BF00993943 /* PSPDFKitSwiftUI */,
				8476673D22A9A4BF00993943 /* Products */,
				8476675522A9A5AA00993943 /* Frameworks */,
			);
			sourceTree = "<group>";
		};
		8476673D22A9A4BF00993943 /* Products */ = {
			isa = PBXGroup;
			children = (
				8476673C22A9A4BF00993943 /* PSPDFKitSwiftUIReactDevs.app */,
			);
			name = Products;
			sourceTree = "<group>";
		};
		8476673E22A9A4BF00993943 /* PSPDFKitSwiftUI */ = {
			isa = PBXGroup;
			children = (
				8476673F22A9A4BF00993943 /* AppDelegate.swift */,
				8476674122A9A4BF00993943 /* SceneDelegate.swift */,
				8476674322A9A4BF00993943 /* ContentView.swift */,
				8476675D22A9A5E600993943 /* PSPDFKitView.swift */,
				996C6617236662D0005C2894 /* PSPDFKit for Web.pdf */,
				99C853A5237C720E00178AB8 /* PSPDFKit 9 QuickStart Guide.pdf */,
				8476674522A9A4C100993943 /* Assets.xcassets */,
				8476674A22A9A4C100993943 /* LaunchScreen.storyboard */,
				8476674D22A9A4C100993943 /* Info.plist */,
				8476675322A9A59F00993943 /* PSPDFKit */,
				8476674722A9A4C100993943 /* Preview Content */,
			);
			path = PSPDFKitSwiftUI;
			sourceTree = "<group>";
		};
		8476674722A9A4C100993943 /* Preview Content */ = {
			isa = PBXGroup;
			children = (
				8476674822A9A4C100993943 /* Preview Assets.xcassets */,
			);
			path = "Preview Content";
			sourceTree = "<group>";
		};
		8476675522A9A5AA00993943 /* Frameworks */ = {
			isa = PBXGroup;
			children = (
				8476675622A9A5AA00993943 /* PSPDFKit.framework */,
				8476675722A9A5AA00993943 /* PSPDFKitUI.framework */,
			);
			name = Frameworks;
			sourceTree = "<group>";
		};
/* End PBXGroup section */

/* Begin PBXNativeTarget section */
		8476673B22A9A4BF00993943 /* PSPDFKitSwiftUIReactDevs */ = {
			isa = PBXNativeTarget;
			buildConfigurationList = 8476675022A9A4C100993943 /* Build configuration list for PBXNativeTarget "PSPDFKitSwiftUIReactDevs" */;
			buildPhases = (
				8476673822A9A4BF00993943 /* Sources */,
				8476673922A9A4BF00993943 /* Frameworks */,
				8476673A22A9A4BF00993943 /* Resources */,
				8476675C22A9A5AA00993943 /* Embed Frameworks */,
			);
			buildRules = (
			);
			dependencies = (
			);
			name = PSPDFKitSwiftUIReactDevs;
			productName = PSPDFKitSwiftUI;
			productReference = 8476673C22A9A4BF00993943 /* PSPDFKitSwiftUIReactDevs.app */;
			productType = "com.apple.product-type.application";
		};
/* End PBXNativeTarget section */

/* Begin PBXProject section */
		8476673422A9A4BF00993943 /* Project object */ = {
			isa = PBXProject;
			attributes = {
				LastSwiftUpdateCheck = 1100;
				LastUpgradeCheck = 1100;
				ORGANIZATIONNAME = PSPDFKit;
				TargetAttributes = {
					8476673B22A9A4BF00993943 = {
						CreatedOnToolsVersion = 11.0;
					};
				};
			};
			buildConfigurationList = 8476673722A9A4BF00993943 /* Build configuration list for PBXProject "PSPDFKitSwiftUIReactDevs" */;
			compatibilityVersion = "Xcode 9.3";
			developmentRegion = en;
			hasScannedForEncodings = 0;
			knownRegions = (
				en,
				Base,
			);
			mainGroup = 8476673322A9A4BF00993943;
			productRefGroup = 8476673D22A9A4BF00993943 /* Products */;
			projectDirPath = "";
			projectRoot = "";
			targets = (
				8476673B22A9A4BF00993943 /* PSPDFKitSwiftUIReactDevs */,
			);
		};
/* End PBXProject section */

/* Begin PBXResourcesBuildPhase section */
		8476673A22A9A4BF00993943 /* Resources */ = {
			isa = PBXResourcesBuildPhase;
			buildActionMask = 2147483647;
			files = (
				8476674C22A9A4C100993943 /* LaunchScreen.storyboard in Resources */,
				8476675422A9A59F00993943 /* PSPDFKit in Resources */,
				996C6618236662D0005C2894 /* PSPDFKit for Web.pdf in Resources */,
				8476674922A9A4C100993943 /* Preview Assets.xcassets in Resources */,
				99C853A6237C720E00178AB8 /* PSPDFKit 9 QuickStart Guide.pdf in Resources */,
				8476674622A9A4C100993943 /* Assets.xcassets in Resources */,
			);
			runOnlyForDeploymentPostprocessing = 0;
		};
/* End PBXResourcesBuildPhase section */

/* Begin PBXSourcesBuildPhase section */
		8476673822A9A4BF00993943 /* Sources */ = {
			isa = PBXSourcesBuildPhase;
			buildActionMask = 2147483647;
			files = (
				8476674022A9A4BF00993943 /* AppDelegate.swift in Sources */,
				8476675E22A9A5E600993943 /* PSPDFKitView.swift in Sources */,
				8476674222A9A4BF00993943 /* SceneDelegate.swift in Sources */,
				8476674422A9A4BF00993943 /* ContentView.swift in Sources */,
			);
			runOnlyForDeploymentPostprocessing = 0;
		};
/* End PBXSourcesBuildPhase section */

/* Begin PBXVariantGroup section */
		8476674A22A9A4C100993943 /* LaunchScreen.storyboard */ = {
			isa = PBXVariantGroup;
			children = (
				8476674B22A9A4C100993943 /* Base */,
			);
			name = LaunchScreen.storyboard;
			sourceTree = "<group>";
		};
/* End PBXVariantGroup section */

/* Begin XCBuildConfiguration section */
		8476674E22A9A4C100993943 /* Debug */ = {
			isa = XCBuildConfiguration;
			buildSettings = {
				ALWAYS_SEARCH_USER_PATHS = NO;
				CLANG_ANALYZER_NONNULL = YES;
				CLANG_ANALYZER_NUMBER_OBJECT_CONVERSION = YES_AGGRESSIVE;
				CLANG_CXX_LANGUAGE_STANDARD = "gnu++14";
				CLANG_CXX_LIBRARY = "libc++";
				CLANG_ENABLE_MODULES = YES;
				CLANG_ENABLE_OBJC_ARC = YES;
				CLANG_ENABLE_OBJC_WEAK = YES;
				CLANG_WARN_BLOCK_CAPTURE_AUTORELEASING = YES;
				CLANG_WARN_BOOL_CONVERSION = YES;
				CLANG_WARN_COMMA = YES;
				CLANG_WARN_CONSTANT_CONVERSION = YES;
				CLANG_WARN_DEPRECATED_OBJC_IMPLEMENTATIONS = YES;
				CLANG_WARN_DIRECT_OBJC_ISA_USAGE = YES_ERROR;
				CLANG_WARN_DOCUMENTATION_COMMENTS = YES;
				CLANG_WARN_EMPTY_BODY = YES;
				CLANG_WARN_ENUM_CONVERSION = YES;
				CLANG_WARN_INFINITE_RECURSION = YES;
				CLANG_WARN_INT_CONVERSION = YES;
				CLANG_WARN_NON_LITERAL_NULL_CONVERSION = YES;
				CLANG_WARN_OBJC_IMPLICIT_RETAIN_SELF = YES;
				CLANG_WARN_OBJC_LITERAL_CONVERSION = YES;
				CLANG_WARN_OBJC_ROOT_CLASS = YES_ERROR;
				CLANG_WARN_RANGE_LOOP_ANALYSIS = YES;
				CLANG_WARN_STRICT_PROTOTYPES = YES;
				CLANG_WARN_SUSPICIOUS_MOVE = YES;
				CLANG_WARN_UNGUARDED_AVAILABILITY = YES_AGGRESSIVE;
				CLANG_WARN_UNREACHABLE_CODE = YES;
				CLANG_WARN__DUPLICATE_METHOD_MATCH = YES;
				COPY_PHASE_STRIP = NO;
				DEBUG_INFORMATION_FORMAT = dwarf;
				ENABLE_STRICT_OBJC_MSGSEND = YES;
				ENABLE_TESTABILITY = YES;
				GCC_C_LANGUAGE_STANDARD = gnu11;
				GCC_DYNAMIC_NO_PIC = NO;
				GCC_NO_COMMON_BLOCKS = YES;
				GCC_OPTIMIZATION_LEVEL = 0;
				GCC_PREPROCESSOR_DEFINITIONS = (
					"DEBUG=1",
					"$(inherited)",
				);
				GCC_WARN_64_TO_32_BIT_CONVERSION = YES;
				GCC_WARN_ABOUT_RETURN_TYPE = YES_ERROR;
				GCC_WARN_UNDECLARED_SELECTOR = YES;
				GCC_WARN_UNINITIALIZED_AUTOS = YES_AGGRESSIVE;
				GCC_WARN_UNUSED_FUNCTION = YES;
				GCC_WARN_UNUSED_VARIABLE = YES;
				IPHONEOS_DEPLOYMENT_TARGET = 13.0;
				MTL_ENABLE_DEBUG_INFO = INCLUDE_SOURCE;
				MTL_FAST_MATH = YES;
				ONLY_ACTIVE_ARCH = YES;
				SDKROOT = iphoneos;
				SWIFT_ACTIVE_COMPILATION_CONDITIONS = DEBUG;
				SWIFT_OPTIMIZATION_LEVEL = "-Onone";
			};
			name = Debug;
		};
		8476674F22A9A4C100993943 /* Release */ = {
			isa = XCBuildConfiguration;
			buildSettings = {
				ALWAYS_SEARCH_USER_PATHS = NO;
				CLANG_ANALYZER_NONNULL = YES;
				CLANG_ANALYZER_NUMBER_OBJECT_CONVERSION = YES_AGGRESSIVE;
				CLANG_CXX_LANGUAGE_STANDARD = "gnu++14";
				CLANG_CXX_LIBRARY = "libc++";
				CLANG_ENABLE_MODULES = YES;
				CLANG_ENABLE_OBJC_ARC = YES;
				CLANG_ENABLE_OBJC_WEAK = YES;
				CLANG_WARN_BLOCK_CAPTURE_AUTORELEASING = YES;
				CLANG_WARN_BOOL_CONVERSION = YES;
				CLANG_WARN_COMMA = YES;
				CLANG_WARN_CONSTANT_CONVERSION = YES;
				CLANG_WARN_DEPRECATED_OBJC_IMPLEMENTATIONS = YES;
				CLANG_WARN_DIRECT_OBJC_ISA_USAGE = YES_ERROR;
				CLANG_WARN_DOCUMENTATION_COMMENTS = YES;
				CLANG_WARN_EMPTY_BODY = YES;
				CLANG_WARN_ENUM_CONVERSION = YES;
				CLANG_WARN_INFINITE_RECURSION = YES;
				CLANG_WARN_INT_CONVERSION = YES;
				CLANG_WARN_NON_LITERAL_NULL_CONVERSION = YES;
				CLANG_WARN_OBJC_IMPLICIT_RETAIN_SELF = YES;
				CLANG_WARN_OBJC_LITERAL_CONVERSION = YES;
				CLANG_WARN_OBJC_ROOT_CLASS = YES_ERROR;
				CLANG_WARN_RANGE_LOOP_ANALYSIS = YES;
				CLANG_WARN_STRICT_PROTOTYPES = YES;
				CLANG_WARN_SUSPICIOUS_MOVE = YES;
				CLANG_WARN_UNGUARDED_AVAILABILITY = YES_AGGRESSIVE;
				CLANG_WARN_UNREACHABLE_CODE = YES;
				CLANG_WARN__DUPLICATE_METHOD_MATCH = YES;
				COPY_PHASE_STRIP = NO;
				DEBUG_INFORMATION_FORMAT = "dwarf-with-dsym";
				ENABLE_NS_ASSERTIONS = NO;
				ENABLE_STRICT_OBJC_MSGSEND = YES;
				GCC_C_LANGUAGE_STANDARD = gnu11;
				GCC_NO_COMMON_BLOCKS = YES;
				GCC_WARN_64_TO_32_BIT_CONVERSION = YES;
				GCC_WARN_ABOUT_RETURN_TYPE = YES_ERROR;
				GCC_WARN_UNDECLARED_SELECTOR = YES;
				GCC_WARN_UNINITIALIZED_AUTOS = YES_AGGRESSIVE;
				GCC_WARN_UNUSED_FUNCTION = YES;
				GCC_WARN_UNUSED_VARIABLE = YES;
				IPHONEOS_DEPLOYMENT_TARGET = 13.0;
				MTL_ENABLE_DEBUG_INFO = NO;
				MTL_FAST_MATH = YES;
				SDKROOT = iphoneos;
				SWIFT_COMPILATION_MODE = wholemodule;
				SWIFT_OPTIMIZATION_LEVEL = "-O";
				VALIDATE_PRODUCT = YES;
			};
			name = Release;
		};
		8476675122A9A4C100993943 /* Debug */ = {
			isa = XCBuildConfiguration;
			buildSettings = {
				ASSETCATALOG_COMPILER_APPICON_NAME = AppIcon;
				CODE_SIGN_STYLE = Automatic;
				DEVELOPMENT_ASSET_PATHS = "PSPDFKitSwiftUI/Preview\\ Content";
				DEVELOPMENT_TEAM = 4YCRL5LW7Q;
				ENABLE_PREVIEWS = YES;
				FRAMEWORK_SEARCH_PATHS = "$(PROJECT_DIR)/PSPDFKitSwiftUI/PSPDFKit";
				INFOPLIST_FILE = PSPDFKitSwiftUI/Info.plist;
				LD_RUNPATH_SEARCH_PATHS = (
					"$(inherited)",
					"@executable_path/Frameworks",
				);
				PRODUCT_BUNDLE_IDENTIFIER = com.pspdfkit.PSPDFKitSwiftUIReactDevs;
				PRODUCT_NAME = PSPDFKitSwiftUIReactDevs;
				SWIFT_VERSION = 5.0;
				TARGETED_DEVICE_FAMILY = "1,2";
			};
			name = Debug;
		};
		8476675222A9A4C100993943 /* Release */ = {
			isa = XCBuildConfiguration;
			buildSettings = {
				ASSETCATALOG_COMPILER_APPICON_NAME = AppIcon;
				CODE_SIGN_STYLE = Automatic;
				DEVELOPMENT_ASSET_PATHS = "PSPDFKitSwiftUI/Preview\\ Content";
				DEVELOPMENT_TEAM = 4YCRL5LW7Q;
				ENABLE_PREVIEWS = YES;
				FRAMEWORK_SEARCH_PATHS = "$(PROJECT_DIR)/PSPDFKitSwiftUI/PSPDFKit";
				INFOPLIST_FILE = PSPDFKitSwiftUI/Info.plist;
				LD_RUNPATH_SEARCH_PATHS = (
					"$(inherited)",
					"@executable_path/Frameworks",
				);
				PRODUCT_BUNDLE_IDENTIFIER = com.pspdfkit.PSPDFKitSwiftUIReactDevs;
				PRODUCT_NAME = PSPDFKitSwiftUIReactDevs;
				SWIFT_VERSION = 5.0;
				TARGETED_DEVICE_FAMILY = "1,2";
			};
			name = Release;
		};
/* End XCBuildConfiguration section */

/* Begin XCConfigurationList section */
		8476673722A9A4BF00993943 /* Build configuration list for PBXProject "PSPDFKitSwiftUIReactDevs" */ = {
			isa = XCConfigurationList;
			buildConfigurations = (
				8476674E22A9A4C100993943 /* Debug */,
				8476674F22A9A4C100993943 /* Release */,
			);
			defaultConfigurationIsVisible = 0;
			defaultConfigurationName = Release;
		};
		8476675022A9A4C100993943 /* Build configuration list for PBXNativeTarget "PSPDFKitSwiftUIReactDevs" */ = {
			isa = XCConfigurationList;
			buildConfigurations = (
				8476675122A9A4C100993943 /* Debug */,
				8476675222A9A4C100993943 /* Release */,
			);
			defaultConfigurationIsVisible = 0;
			defaultConfigurationName = Release;
		};
/* End XCConfigurationList section */
	};
	rootObject = 8476673422A9A4BF00993943 /* Project object */;
}
